github.com/Hatch1fy/cron v0.4.78 h1:aNdJfiFYfEPWprxEBHM9taHV6jwWjMo17OvQYnD8528=
github.com/Hatch1fy/cron v0.4.78/go.mod h1:srziZhU5rAzVXoUSkVkzq3iZOk+u+Y7pV3nL+dXN9L4=
github.com/Hatch1fy/errors v0.4.78 h1:Xd64lclmP6Gg5i9WFm0wJWkcmf/1rd82DavHTpLVLZs=
github.com/Hatch1fy/errors v0.4.78/go.mod h1:SJFCeScmERvwtYMG7EU24Fe0KfXmiIs7tNlcIl0STKk=
github.com/hatchify/colors v0.4.77 h1:wPtYLLPbsekeamTZzu71rZVsbq8P2ues1YDx7OsKAxU=
github.com/hatchify/colors v0.4.77/go.mod h1:AG6qII7bJEBO7WL28IACU62PqoavhEqpNFhfE/5Zyfk=
